Microsoft Visual Studio Solution File, Format Version 12.00
# Visual Studio Version 17
VisualStudioVersion = 17.5.2.0
MinimumVisualStudioVersion = 10.0.40219.1
Project("{FAE04EC0-301F-11D3-BF4B-00C04F79EFBC}") = "Prueba C#", "Prueba C#.csproj", "{F65D4606-AB36-D0E7-321C-FBB827A92E1E}"
EndProject
Global
	GlobalSection(SolutionConfigurationPlatforms) = preSolution
		Debug|Any CPU = Debug|Any CPU
		Release|Any CPU = Release|Any CPU
	EndGlobalSection
	GlobalSection(ProjectConfigurationPlatforms) = postSolution
		{F65D4606-AB36-D0E7-321C-FBB827A92E1E}.Debug|Any CPU.ActiveCfg = Debug|Any CPU
		{F65D4606-AB36-D0E7-321C-FBB827A92E1E}.Debug|Any CPU.Build.0 = Debug|Any CPU
		{F65D4606-AB36-D0E7-321C-FBB827A92E1E}.Release|Any CPU.ActiveCfg = Release|Any CPU
		{F65D4606-AB36-D0E7-321C-FBB827A92E1E}.Release|Any CPU.Build.0 = Release|Any CPU
	EndGlobalSection
	GlobalSection(SolutionProperties) = preSolution
		HideSolutionNode = FALSE
	EndGlobalSection
	GlobalSection(ExtensibilityGlobals) = postSolution
		SolutionGuid = {5FD579F0-BF08-4F76-B31F-B1AFDF8603E4}
	EndGlobalSection
EndGlobal
